
Microsoft Visual Studio Solution File, Format Version 12.00
# Visual Studio Version 16
VisualStudioVersion = 16.0.29613.14
MinimumVisualStudioVersion = 10.0.40219.1
Project("{9A19103F-16F7-4668-BE54-9A1E7A4F7556}") = "Blog.API", "Blog.API\Blog.API.csproj", "{F01128B2-4E58-4448-B6AF-2A463E748F60}"
EndProject
Project("{9A19103F-16F7-4668-BE54-9A1E7A4F7556}") = "Blog.Core", "Blog.Core\Blog.Core.csproj", "{AA012874-DA3D-45FE-BE81-70C1CB81C561}"
EndProject
Project("{9A19103F-16F7-4668-BE54-9A1E7A4F7556}") = "Blog.Infrastructure", "Blog.Infrastructure\Blog.Infrastructure.csproj", "{7E5DD7CA-2D8F-4BEA-84F0-7D376429A72D}"
EndProject
Project("{9A19103F-16F7-4668-BE54-9A1E7A4F7556}") = "BlogIdentityServer", "BlogIdentityServer\BlogIdentityServer.csproj", "{60CF830F-046E-4C10-AA3A-589BDDBDE71F}"
EndProject
Project("{FAE04EC0-301F-11D3-BF4B-00C04F79EFBC}") = "MvcClient", "MvcClient\MvcClient.csproj", "{C95DB272-22F4-41D6-BB0B-F3BFE07A64FB}"
EndProject
Global
	GlobalSection(SolutionConfigurationPlatforms) = preSolution
		Debug|Any CPU = Debug|Any CPU
		Release|Any CPU = Release|Any CPU
	EndGlobalSection
	GlobalSection(ProjectConfigurationPlatforms) = postSolution
		{F01128B2-4E58-4448-B6AF-2A463E748F60}.Debug|Any CPU.ActiveCfg = Debug|Any CPU
		{F01128B2-4E58-4448-B6AF-2A463E748F60}.Debug|Any CPU.Build.0 = Debug|Any CPU
		{F01128B2-4E58-4448-B6AF-2A463E748F60}.Release|Any CPU.ActiveCfg = Release|Any CPU
		{F01128B2-4E58-4448-B6AF-2A463E748F60}.Release|Any CPU.Build.0 = Release|Any CPU
		{AA012874-DA3D-45FE-BE81-70C1CB81C561}.Debug|Any CPU.ActiveCfg = Debug|Any CPU
		{AA012874-DA3D-45FE-BE81-70C1CB81C561}.Debug|Any CPU.Build.0 = Debug|Any CPU
		{AA012874-DA3D-45FE-BE81-70C1CB81C561}.Release|Any CPU.ActiveCfg = Release|Any CPU
		{AA012874-DA3D-45FE-BE81-70C1CB81C561}.Release|Any CPU.Build.0 = Release|Any CPU
		{7E5DD7CA-2D8F-4BEA-84F0-7D376429A72D}.Debug|Any CPU.ActiveCfg = Debug|Any CPU
		{7E5DD7CA-2D8F-4BEA-84F0-7D376429A72D}.Debug|Any CPU.Build.0 = Debug|Any CPU
		{7E5DD7CA-2D8F-4BEA-84F0-7D376429A72D}.Release|Any CPU.ActiveCfg = Release|Any CPU
		{7E5DD7CA-2D8F-4BEA-84F0-7D376429A72D}.Release|Any CPU.Build.0 = Release|Any CPU
		{60CF830F-046E-4C10-AA3A-589BDDBDE71F}.Debug|Any CPU.ActiveCfg = Debug|Any CPU
		{60CF830F-046E-4C10-AA3A-589BDDBDE71F}.Debug|Any CPU.Build.0 = Debug|Any CPU
		{60CF830F-046E-4C10-AA3A-589BDDBDE71F}.Release|Any CPU.ActiveCfg = Release|Any CPU
		{60CF830F-046E-4C10-AA3A-589BDDBDE71F}.Release|Any CPU.Build.0 = Release|Any CPU
		{C95DB272-22F4-41D6-BB0B-F3BFE07A64FB}.Debug|Any CPU.ActiveCfg = Debug|Any CPU
		{C95DB272-22F4-41D6-BB0B-F3BFE07A64FB}.Debug|Any CPU.Build.0 = Debug|Any CPU
		{C95DB272-22F4-41D6-BB0B-F3BFE07A64FB}.Release|Any CPU.ActiveCfg = Release|Any CPU
		{C95DB272-22F4-41D6-BB0B-F3BFE07A64FB}.Release|Any CPU.Build.0 = Release|Any CPU
	EndGlobalSection
	GlobalSection(SolutionProperties) = preSolution
		HideSolutionNode = FALSE
	EndGlobalSection
	GlobalSection(ExtensibilityGlobals) = postSolution
		SolutionGuid = {D98DADB3-DDCD-47B5-AA95-83D6856DC45B}
	EndGlobalSection
EndGlobal
